<?xml version="1.0" encoding="utf-8"?>
<Project ToolsVersion="4.0" xmlns="http://schemas.microsoft.com/developer/msbuild/2003">
  <ItemGroup>
    <ClCompile Include="..\DsCppTests.cpp" />
    <ClCompile Include="..\RingBufferTests.cpp" />
    <ClCompile Include="..\SboVectorTests.cpp" />
    <ClCompile Include="..\SboVectorPerformanceTests.cpp" />
    <ClCompile Include="..\SortTests.cpp" />
  </ItemGroup>
  <ItemGroup>
    <ClInclude Include="..\..\RingBuffer.h" />
    <ClInclude Include="..\TestUtil.h" />
    <ClInclude Include="..\RingBufferTests.h" />
    <ClInclude Include="..\SboVectorTests.h" />
    <ClInclude Include="..\..\SboVector.h" />
    <ClInclude Include="..\..\TypeTraitsEx.h" />
    <ClInclude Include="..\SboVectorPerformanceTests.h" />
    <ClInclude Include="..\..\Sort.h" />
    <ClInclude Include="..\SortTests.h" />
  </ItemGroup>
</Project>