<?xml version="1.0" encoding="utf-8"?>
<Project ToolsVersion="4.0" xmlns="http://schemas.microsoft.com/developer/msbuild/2003">
  <ItemGroup>
    <ClCompile Include="..\DsCppTests.cpp" />
    <ClCompile Include="..\RingBufferTests.cpp" />
    <ClCompile Include="..\SboVectorTests.cpp" />
    <ClCompile Include="..\SboVectorPerformanceTests.cpp" />
    <ClCompile Include="..\SortTests.cpp" />
    <ClCompile Include="..\MathAlgTests.cpp" />
    <ClCompile Include="..\LinearAlgebraTests.cpp" />
    <ClCompile Include="..\MatrixViewTests.cpp" />
    <ClCompile Include="..\RandomTests.cpp" />
    <ClCompile Include="..\HeapTests.cpp" />
  </ItemGroup>
  <ItemGroup>
    <ClInclude Include="..\..\RingBuffer.h" />
    <ClInclude Include="..\TestUtil.h" />
    <ClInclude Include="..\RingBufferTests.h" />
    <ClInclude Include="..\SboVectorTests.h" />
    <ClInclude Include="..\..\SboVector.h" />
    <ClInclude Include="..\..\TypeTraitsEx.h" />
    <ClInclude Include="..\SboVectorPerformanceTests.h" />
    <ClInclude Include="..\..\Sort.h" />
    <ClInclude Include="..\SortTests.h" />
    <ClInclude Include="..\..\MathAlg.h" />
    <ClInclude Include="..\MathAlgTests.h" />
    <ClInclude Include="..\..\LinearAlgebra.h" />
    <ClInclude Include="..\LinearAlgebraTests.h" />
    <ClInclude Include="..\..\MatrixView.h" />
    <ClInclude Include="..\MatrixViewTests.h" />
    <ClInclude Include="..\..\Random.h" />
    <ClInclude Include="..\RandomTests.h" />
    <ClInclude Include="..\..\Heap.h" />
    <ClInclude Include="..\HeapTests.h" />
  </ItemGroup>
</Project>